
Microsoft Visual Studio Solution File, Format Version 12.00
# Visual Studio Version 17
VisualStudioVersion = 17.3.32929.385
MinimumVisualStudioVersion = 10.0.40219.1
Project("{FAE04EC0-301F-11D3-BF4B-00C04F79EFBC}") = "SessionYapısı", "SessionYapısı\SessionYapısı.csproj", "{CDFFEE4A-1B76-4DC5-92CA-AB2B683A8CB4}"
EndProject
Project("{FAE04EC0-301F-11D3-BF4B-00C04F79EFBC}") = "Entities", "Entities\Entities.csproj", "{BE0C0CDC-DE55-42E8-AD3A-2519905317C1}"
EndProject
Project("{FAE04EC0-301F-11D3-BF4B-00C04F79EFBC}") = "DataAccess", "DataAccess\DataAccess.csproj", "{A05C003D-BC5C-4A87-9EA7-EB540F48C61C}"
EndProject
Project("{FAE04EC0-301F-11D3-BF4B-00C04F79EFBC}") = "Business", "Business\Business.csproj", "{65118149-96E1-4171-A6CC-ED6342A279A5}"
EndProject
Global
	GlobalSection(SolutionConfigurationPlatforms) = preSolution
		Debug|Any CPU = Debug|Any CPU
		Release|Any CPU = Release|Any CPU
	EndGlobalSection
	GlobalSection(ProjectConfigurationPlatforms) = postSolution
		{CDFFEE4A-1B76-4DC5-92CA-AB2B683A8CB4}.Debug|Any CPU.ActiveCfg = Debug|Any CPU
		{CDFFEE4A-1B76-4DC5-92CA-AB2B683A8CB4}.Debug|Any CPU.Build.0 = Debug|Any CPU
		{CDFFEE4A-1B76-4DC5-92CA-AB2B683A8CB4}.Release|Any CPU.ActiveCfg = Release|Any CPU
		{CDFFEE4A-1B76-4DC5-92CA-AB2B683A8CB4}.Release|Any CPU.Build.0 = Release|Any CPU
		{BE0C0CDC-DE55-42E8-AD3A-2519905317C1}.Debug|Any CPU.ActiveCfg = Debug|Any CPU
		{BE0C0CDC-DE55-42E8-AD3A-2519905317C1}.Debug|Any CPU.Build.0 = Debug|Any CPU
		{BE0C0CDC-DE55-42E8-AD3A-2519905317C1}.Release|Any CPU.ActiveCfg = Release|Any CPU
		{BE0C0CDC-DE55-42E8-AD3A-2519905317C1}.Release|Any CPU.Build.0 = Release|Any CPU
		{A05C003D-BC5C-4A87-9EA7-EB540F48C61C}.Debug|Any CPU.ActiveCfg = Debug|Any CPU
		{A05C003D-BC5C-4A87-9EA7-EB540F48C61C}.Debug|Any CPU.Build.0 = Debug|Any CPU
		{A05C003D-BC5C-4A87-9EA7-EB540F48C61C}.Release|Any CPU.ActiveCfg = Release|Any CPU
		{A05C003D-BC5C-4A87-9EA7-EB540F48C61C}.Release|Any CPU.Build.0 = Release|Any CPU
		{65118149-96E1-4171-A6CC-ED6342A279A5}.Debug|Any CPU.ActiveCfg = Debug|Any CPU
		{65118149-96E1-4171-A6CC-ED6342A279A5}.Debug|Any CPU.Build.0 = Debug|Any CPU
		{65118149-96E1-4171-A6CC-ED6342A279A5}.Release|Any CPU.ActiveCfg = Release|Any CPU
		{65118149-96E1-4171-A6CC-ED6342A279A5}.Release|Any CPU.Build.0 = Release|Any CPU
	EndGlobalSection
	GlobalSection(SolutionProperties) = preSolution
		HideSolutionNode = FALSE
	EndGlobalSection
	GlobalSection(ExtensibilityGlobals) = postSolution
		SolutionGuid = {F5E99877-98FD-4965-8E3F-57FFC4B58CF1}
	EndGlobalSection
EndGlobal
